{
  "name": "xpgold",
  "version": "1.0.0",
  "lockfileVersion": 3,
  "requires": true,
  "packages": {
    "": {
      "name": "xpgold",
      "version": "1.0.0",
      "license": "ISC",
      "dependencies": {
        "@hebcal/core": "^3.48.4",
        "faker": "^5.5.3",
        "hebcal": "^2.3.2",
        "readline-sync": "^1.4.10"
      }
    },
    "node_modules/@hebcal/core": {
      "version": "3.48.4",
      "resolved": "https://registry.npmjs.org/@hebcal/core/-/core-3.48.4.tgz",
      "integrity": "sha512-avYqGy+z+l+fUIgz4GkEwiv8ImJDfKroJEi1Ag6wPykh9PPVZba1+gljNdn5FYWd7zur6quD21dhjN6Sa/Jbgg==",
      "engines": {
        "node": ">= 12.17.0"
      }
    },
    "node_modules/faker": {
      "version": "5.5.3",
      "resolved": "https://registry.npmjs.org/faker/-/faker-5.5.3.tgz",
      "integrity": "sha512-wLTv2a28wjUyWkbnX7u/ABZBkUkIF2fCd73V6P2oFqEGEktDfzWx4UxrSqtPRw0xPRAcjeAOIiJWqZm3pP4u3g=="
    },
    "node_modules/gematriya": {
      "version": "1.0.1",
      "resolved": "https://registry.npmjs.org/gematriya/-/gematriya-1.0.1.tgz",
      "integrity": "sha512-AG8DVjbv1Ap9b9xbnvVYXjI9LwN8c7KH4KIsIpZXzArjzvTpPRzhQ7Y4L+s0PpThUF+VTX3ThjRCjbL/Ia4y1A=="
    },
    "node_modules/hebcal": {
      "version": "2.3.2",
      "resolved": "https://registry.npmjs.org/hebcal/-/hebcal-2.3.2.tgz",
      "integrity": "sha512-Lgp6eDaRUygazUzjR4D8/3zwMFs/18f/VejdCLgdfRa6HSMqb9BS+0u8XAN9GxHP77hooA/mB/R+K4Y4lQNaIw==",
      "dependencies": {
        "gematriya": "^1.0.1",
        "suncalc": "^1.8.0"
      },
      "bin": {
        "hebcaljs": "bin/hebcal.js"
      }
    },
    "node_modules/readline-sync": {
      "version": "1.4.10",
      "resolved": "https://registry.npmjs.org/readline-sync/-/readline-sync-1.4.10.tgz",
      "integrity": "sha512-gNva8/6UAe8QYepIQH/jQ2qn91Qj0B9sYjMBBs3QOB8F2CXcKgLxQaJRP76sWVRQt+QU+8fAkCbCvjjMFu7Ycw==",
      "engines": {
        "node": ">= 0.8.0"
      }
    },
    "node_modules/suncalc": {
      "version": "1.9.0",
      "resolved": "https://registry.npmjs.org/suncalc/-/suncalc-1.9.0.tgz",
      "integrity": "sha512-vMJ8Byp1uIPoj+wb9c1AdK4jpkSKVAywgHX0lqY7zt6+EWRRC3Z+0Ucfjy/0yxTVO1hwwchZe4uoFNqrIC24+A=="
    }
  }
}
