{
  "name": "xpninja",
  "version": "1.0.0",
  "lockfileVersion": 3,
  "requires": true,
  "packages": {
    "": {
      "name": "xpninja",
      "version": "1.0.0",
      "license": "ISC",
      "dependencies": {
        "faker": "^5.5.3",
        "is-regex": "^1.1.4",
        "readline-sync": "^1.4.10",
        "regex": "^0.1.1"
      }
    },
    "node_modules/augment": {
      "version": "3.2.1",
      "resolved": "https://registry.npmjs.org/augment/-/augment-3.2.1.tgz",
      "integrity": "sha512-g5E3vuN1RvCvCqNLKeNOyvTO4RbpOyasUjc/e8dnK9ecg9J9nrSv8N2PxDdnaBXYgmiTAErnen2harV2euPpEA==",
      "deprecated": "Package no longer supported. Contact Support at https://www.npmjs.com/support for more info."
    },
    "node_modules/call-bind": {
      "version": "1.0.2",
      "resolved": "https://registry.npmjs.org/call-bind/-/call-bind-1.0.2.tgz",
      "integrity": "sha512-7O+FbCihrB5WGbFYesctwmTKae6rOiIzmz1icreWJ+0aA7LJfuqhEso2T9ncpcFtzMQtzXf2QGGueWJGTYsqrA==",
      "dependencies": {
        "function-bind": "^1.1.1",
        "get-intrinsic": "^1.0.2"
      },
      "funding": {
        "url": "https://github.com/sponsors/ljharb"
      }
    },
    "node_modules/colors": {
      "version": "0.5.1",
      "resolved": "https://registry.npmjs.org/colors/-/colors-0.5.1.tgz",
      "integrity": "sha512-XjsuUwpDeY98+yz959OlUK6m7mLBM+1MEG5oaenfuQnNnrQk1WvtcvFgN3FNDP3f2NmZ211t0mNEfSEN1h0eIg==",
      "engines": {
        "node": ">=0.1.90"
      }
    },
    "node_modules/ebnf-parser": {
      "version": "0.1.10",
      "resolved": "https://registry.npmjs.org/ebnf-parser/-/ebnf-parser-0.1.10.tgz",
      "integrity": "sha512-urvSxVQ6XJcoTpc+/x2pWhhuOX4aljCNQpwzw+ifZvV1andZkAmiJc3Rq1oGEAQmcjiLceyMXOy1l8ms8qs2fQ=="
    },
    "node_modules/escodegen": {
      "version": "0.0.21",
      "resolved": "https://registry.npmjs.org/escodegen/-/escodegen-0.0.21.tgz",
      "integrity": "sha512-BQL5g+BqyrM5HRAKt4Q4YuH9CqiEcIHWSJ8fg2PRNkGkXn/LgzeDCZzDDSX4UiljSAHgXaHgOZREQ2xOigbLzA==",
      "dependencies": {
        "esprima": "~1.0.2",
        "estraverse": "~0.0.4"
      },
      "bin": {
        "escodegen": "bin/escodegen.js",
        "esgenerate": "bin/esgenerate.js"
      },
      "engines": {
        "node": ">=0.4.0"
      },
      "optionalDependencies": {
        "source-map": ">= 0.1.2"
      }
    },
    "node_modules/esprima": {
      "version": "1.0.4",
      "resolved": "https://registry.npmjs.org/esprima/-/esprima-1.0.4.tgz",
      "integrity": "sha512-rp5dMKN8zEs9dfi9g0X1ClLmV//WRyk/R15mppFNICIFRG5P92VP7Z04p8pk++gABo9W2tY+kHyu6P1mEHgmTA==",
      "bin": {
        "esparse": "bin/esparse.js",
        "esvalidate": "bin/esvalidate.js"
      },
      "engines": {
        "node": ">=0.4.0"
      }
    },
    "node_modules/estraverse": {
      "version": "0.0.4",
      "resolved": "https://registry.npmjs.org/estraverse/-/estraverse-0.0.4.tgz",
      "integrity": "sha512-21DfBCsFJGb3HZr0vEBH1Wk1tGSbbzA8I/xtSSoy/pRtupHv0OgBmObcNGXM3ec6/pOXTOOUYY9/5bfluzz0sw==",
      "engines": {
        "node": ">=0.4.0"
      }
    },
    "node_modules/faker": {
      "version": "5.5.3",
      "resolved": "https://registry.npmjs.org/faker/-/faker-5.5.3.tgz",
      "integrity": "sha512-wLTv2a28wjUyWkbnX7u/ABZBkUkIF2fCd73V6P2oFqEGEktDfzWx4UxrSqtPRw0xPRAcjeAOIiJWqZm3pP4u3g=="
    },
    "node_modules/function-bind": {
      "version": "1.1.1",
      "resolved": "https://registry.npmjs.org/function-bind/-/function-bind-1.1.1.tgz",
      "integrity": "sha512-yIovAzMX49sF8Yl58fSCWJ5svSLuaibPxXQJFLmBObTuCr0Mf1KiPopGM9NiFjiYBCbfaa2Fh6breQ6ANVTI0A=="
    },
    "node_modules/get-intrinsic": {
      "version": "1.1.3",
      "resolved": "https://registry.npmjs.org/get-intrinsic/-/get-intrinsic-1.1.3.tgz",
      "integrity": "sha512-QJVz1Tj7MS099PevUG5jvnt9tSkXN8K14dxQlikJuPt4uD9hHAHjLyLBiLR5zELelBdD9QNRAXZzsJx0WaDL9A==",
      "dependencies": {
        "function-bind": "^1.1.1",
        "has": "^1.0.3",
        "has-symbols": "^1.0.3"
      },
      "funding": {
        "url": "https://github.com/sponsors/ljharb"
      }
    },
    "node_modules/has": {
      "version": "1.0.3",
      "resolved": "https://registry.npmjs.org/has/-/has-1.0.3.tgz",
      "integrity": "sha512-f2dvO0VU6Oej7RkWJGrehjbzMAjFp5/VKPp5tTpWIV4JHHZK1/BxbFRtf/siA2SWTe09caDmVtYYzWEIbBS4zw==",
      "dependencies": {
        "function-bind": "^1.1.1"
      },
      "engines": {
        "node": ">= 0.4.0"
      }
    },
    "node_modules/has-symbols": {
      "version": "1.0.3",
      "resolved": "https://registry.npmjs.org/has-symbols/-/has-symbols-1.0.3.tgz",
      "integrity": "sha512-l3LCuF6MgDNwTDKkdYGEihYjt5pRPbEg46rtlmnSPlUbgmB8LOIrKJbYYFBSbnPaJexMKtiPO8hmeRjRz2Td+A==",
      "engines": {
        "node": ">= 0.4"
      },
      "funding": {
        "url": "https://github.com/sponsors/ljharb"
      }
    },
    "node_modules/has-tostringtag": {
      "version": "1.0.0",
      "resolved": "https://registry.npmjs.org/has-tostringtag/-/has-tostringtag-1.0.0.tgz",
      "integrity": "sha512-kFjcSNhnlGV1kyoGk7OXKSawH5JOb/LzUc5w9B02hOTO0dfFRjbHQKvg1d6cf3HbeUmtU9VbbV3qzZ2Teh97WQ==",
      "dependencies": {
        "has-symbols": "^1.0.2"
      },
      "engines": {
        "node": ">= 0.4"
      },
      "funding": {
        "url": "https://github.com/sponsors/ljharb"
      }
    },
    "node_modules/is-regex": {
      "version": "1.1.4",
      "resolved": "https://registry.npmjs.org/is-regex/-/is-regex-1.1.4.tgz",
      "integrity": "sha512-kvRdxDsxZjhzUX07ZnLydzS1TU/TJlTUHHY4YLL87e37oUA49DfkLqgy+VjFocowy29cKvcSiu+kIv728jTTVg==",
      "dependencies": {
        "call-bind": "^1.0.2",
        "has-tostringtag": "^1.0.0"
      },
      "engines": {
        "node": ">= 0.4"
      },
      "funding": {
        "url": "https://github.com/sponsors/ljharb"
      }
    },
    "node_modules/jison": {
      "version": "0.4.4",
      "resolved": "https://registry.npmjs.org/jison/-/jison-0.4.4.tgz",
      "integrity": "sha512-8KfKaIIngog2VR5UfEmPhcK1i/2XbBzL5KZbuG8M0qLsYWnodWqq7x28XLsee0RazE0Z2OQAaG9/VCk7gi4VOA==",
      "dependencies": {
        "ebnf-parser": "0.1.x",
        "escodegen": "0.0.21",
        "esprima": "1.0.x",
        "jison-lex": "0.2.x",
        "JSONSelect": "0.4.0",
        "lex-parser": "0.1.x",
        "nomnom": "1.5.2"
      },
      "bin": {
        "jison": "lib/cli.js"
      },
      "engines": {
        "node": ">=0.4"
      }
    },
    "node_modules/jison-lex": {
      "version": "0.2.1",
      "resolved": "https://registry.npmjs.org/jison-lex/-/jison-lex-0.2.1.tgz",
      "integrity": "sha512-WCNVPRxaTWdhwJAIrBsgkGT9n6H1yNR9Lfof5LUHaMul24ySrJ1SXbVPszZfs57jwXvASLWBpd0xpFEW2oIuVA==",
      "dependencies": {
        "lex-parser": "0.1.x",
        "nomnom": "1.5.2"
      },
      "bin": {
        "jison-lex": "cli.js"
      },
      "engines": {
        "node": ">=0.4"
      }
    },
    "node_modules/JSONSelect": {
      "version": "0.4.0",
      "resolved": "https://registry.npmjs.org/JSONSelect/-/JSONSelect-0.4.0.tgz",
      "integrity": "sha512-VRLR3Su35MH+XV2lrvh9O7qWoug/TUyj9tLDjn9rtpUCNnILLrHjgd/tB0KrhugCxUpj3UqoLqfYb3fLJdIQQQ==",
      "engines": {
        "node": ">=0.4.7"
      }
    },
    "node_modules/lex": {
      "version": "1.7.4",
      "resolved": "https://registry.npmjs.org/lex/-/lex-1.7.4.tgz",
      "integrity": "sha512-9B1SLZjx8ZjYJx8AmlbVjeqYDllU7PCWwE/VYgq4DJ5gePjbzgdms+MC7tsj1tdyRp7O6BfXTTDHJnPiiPV0Pw==",
      "deprecated": "Package no longer supported. Contact Support at https://www.npmjs.com/support for more info."
    },
    "node_modules/lex-parser": {
      "version": "0.1.4",
      "resolved": "https://registry.npmjs.org/lex-parser/-/lex-parser-0.1.4.tgz",
      "integrity": "sha512-DuAEISsr1H4LOpmFLkyMc8YStiRWZCO8hMsoXAXSbgyfvs2WQhSt0+/FBv3ZU/JBFZMGcE+FWzEBSzwUU7U27w=="
    },
    "node_modules/nomnom": {
      "version": "1.5.2",
      "resolved": "https://registry.npmjs.org/nomnom/-/nomnom-1.5.2.tgz",
      "integrity": "sha512-fiVbT7BqxiQqjlR9U3FDGOSERFCKoXVCdxV2FwZuNN7/cmJ42iQx35nUFOAFDcyvemu9Adp+IlsCGlKQYLmBKw==",
      "deprecated": "Package no longer supported. Contact support@npmjs.com for more info.",
      "dependencies": {
        "colors": "0.5.x",
        "underscore": "1.1.x"
      },
      "engines": {
        "node": "*"
      }
    },
    "node_modules/readline-sync": {
      "version": "1.4.10",
      "resolved": "https://registry.npmjs.org/readline-sync/-/readline-sync-1.4.10.tgz",
      "integrity": "sha512-gNva8/6UAe8QYepIQH/jQ2qn91Qj0B9sYjMBBs3QOB8F2CXcKgLxQaJRP76sWVRQt+QU+8fAkCbCvjjMFu7Ycw==",
      "engines": {
        "node": ">= 0.8.0"
      }
    },
    "node_modules/regex": {
      "version": "0.1.1",
      "resolved": "https://registry.npmjs.org/regex/-/regex-0.1.1.tgz",
      "integrity": "sha512-aZ/uNt2gUw9aD0K18LFAHdOUKsHL2fSny9YLqcxDfLmZOTK8mZxueHsAikh3UjPGZlmr4J3sdCNMPTp1wPR5hA==",
      "deprecated": "Package no longer supported. Contact Support at https://www.npmjs.com/support for more info.",
      "dependencies": {
        "augment": "3.2.1",
        "jison": "0.4.4",
        "lex": "1.7.4",
        "statemachines": "0.1.0"
      }
    },
    "node_modules/sorted-array": {
      "version": "1.1.0",
      "resolved": "https://registry.npmjs.org/sorted-array/-/sorted-array-1.1.0.tgz",
      "integrity": "sha512-jZgZDuFkeb3MJ9dE88/vlK7IB4C1Fip5oyCgabmxk8885dQP+zfZAq88RWzD+4KUskhHETVmDkMtERzRclI6fg==",
      "deprecated": "Package no longer supported. Contact Support at https://www.npmjs.com/support for more info."
    },
    "node_modules/source-map": {
      "version": "0.7.4",
      "resolved": "https://registry.npmjs.org/source-map/-/source-map-0.7.4.tgz",
      "integrity": "sha512-l3BikUxvPOcn5E74dZiq5BGsTb5yEwhaTSzccU6t4sDOH8NWJCstKO5QT2CvtFoK6F0saL7p9xHAqHOlCPJygA==",
      "optional": true,
      "engines": {
        "node": ">= 8"
      }
    },
    "node_modules/statemachines": {
      "version": "0.1.0",
      "resolved": "https://registry.npmjs.org/statemachines/-/statemachines-0.1.0.tgz",
      "integrity": "sha512-RYZMSj20+WOobiIiBkCPUlZlJlnzPwzJ5DR6KA91RmxTBbe7EDB+ISNd2jU7QcI08BubqgL3bHFRhiL/KR3lYQ==",
      "deprecated": "Package no longer supported. Contact Support at https://www.npmjs.com/support for more info.",
      "dependencies": {
        "augment": "3.2.1",
        "sorted-array": "1.1.0"
      }
    },
    "node_modules/underscore": {
      "version": "1.1.7",
      "resolved": "https://registry.npmjs.org/underscore/-/underscore-1.1.7.tgz",
      "integrity": "sha512-w4QtCHoLBXw1mjofIDoMyexaEdWGMedWNDhlWTtT1V1lCRqi65Pnoygkh6+WRdr+Bm8ldkBNkNeCsXGMlQS9HQ==",
      "engines": {
        "node": "*"
      }
    }
  }
}
